
Microsoft Visual Studio Solution File, Format Version 12.00
# Visual Studio Version 17
VisualStudioVersion = 17.2.32616.157
MinimumVisualStudioVersion = 10.0.40219.1
Project("{FAE04EC0-301F-11D3-BF4B-00C04F79EFBC}") = "librarynew", "librarynew\librarynew.csproj", "{0B4E58E7-C9A5-4742-A0C0-5E6B3EF48E43}"
EndProject
Global
	GlobalSection(SolutionConfigurationPlatforms) = preSolution
		Debug|Any CPU = Debug|Any CPU
		Release|Any CPU = Release|Any CPU
	EndGlobalSection
	GlobalSection(ProjectConfigurationPlatforms) = postSolution
		{0B4E58E7-C9A5-4742-A0C0-5E6B3EF48E43}.Debug|Any CPU.ActiveCfg = Debug|Any CPU
		{0B4E58E7-C9A5-4742-A0C0-5E6B3EF48E43}.Debug|Any CPU.Build.0 = Debug|Any CPU
		{0B4E58E7-C9A5-4742-A0C0-5E6B3EF48E43}.Release|Any CPU.ActiveCfg = Release|Any CPU
		{0B4E58E7-C9A5-4742-A0C0-5E6B3EF48E43}.Release|Any CPU.Build.0 = Release|Any CPU
	EndGlobalSection
	GlobalSection(SolutionProperties) = preSolution
		HideSolutionNode = FALSE
	EndGlobalSection
	GlobalSection(ExtensibilityGlobals) = postSolution
		SolutionGuid = {49C49644-0915-4AFA-A0D2-433754482547}
	EndGlobalSection
EndGlobal
